
Microsoft Visual Studio Solution File, Format Version 12.00
# Visual Studio 2015
Project("{FAE04EC0-301F-11D3-BF4B-00C04F79EFBC}") = "RobotCoach_v3", "RobotCoach_v3.csproj", "{7E1E476B-75D9-8A19-3869-AD350C11F494}"
EndProject
Project("{FAE04EC0-301F-11D3-BF4B-00C04F79EFBC}") = "RobotCoach_v3.Editor", "RobotCoach_v3.Editor.csproj", "{C2D1883A-068B-9D28-C1FF-59DEAA2519E1}"
EndProject
Global
	GlobalSection(SolutionConfigurationPlatforms) = preSolution
		Debug|Any CPU = Debug|Any CPU
		Release|Any CPU = Release|Any CPU
	EndGlobalSection
	GlobalSection(ProjectConfigurationPlatforms) = postSolution
		{7E1E476B-75D9-8A19-3869-AD350C11F494}.Debug|Any CPU.ActiveCfg = Debug|Any CPU
		{7E1E476B-75D9-8A19-3869-AD350C11F494}.Debug|Any CPU.Build.0 = Debug|Any CPU
		{7E1E476B-75D9-8A19-3869-AD350C11F494}.Release|Any CPU.ActiveCfg = Release|Any CPU
		{7E1E476B-75D9-8A19-3869-AD350C11F494}.Release|Any CPU.Build.0 = Release|Any CPU
		{C2D1883A-068B-9D28-C1FF-59DEAA2519E1}.Debug|Any CPU.ActiveCfg = Debug|Any CPU
		{C2D1883A-068B-9D28-C1FF-59DEAA2519E1}.Debug|Any CPU.Build.0 = Debug|Any CPU
		{C2D1883A-068B-9D28-C1FF-59DEAA2519E1}.Release|Any CPU.ActiveCfg = Release|Any CPU
		{C2D1883A-068B-9D28-C1FF-59DEAA2519E1}.Release|Any CPU.Build.0 = Release|Any CPU
	EndGlobalSection
	GlobalSection(SolutionProperties) = preSolution
		HideSolutionNode = FALSE
	EndGlobalSection
EndGlobal
